// !$*UTF8*$!
{
	archiveVersion = 1;
	classes = {
	};
	objectVersion = 50;
	objects = {

/* Begin PBXBuildFile section */
		8A50E524207AE44700E9A1B5 /* AppDelegate.swift in Sources */ = {isa = PBXBuildFile; fileRef = 8A50E523207AE44700E9A1B5 /* AppDelegate.swift */; };
		8A50E526207AE44700E9A1B5 /* ViewController.swift in Sources */ = {isa = PBXBuildFile; fileRef = 8A50E525207AE44700E9A1B5 /* ViewController.swift */; };
		8A50E529207AE44700E9A1B5 /* Main.storyboard in Resources */ = {isa = PBXBuildFile; fileRef = 8A50E527207AE44700E9A1B5 /* Main.storyboard */; };
		8A50E52C207AE44700E9A1B5 /* My_Quiz.xcdatamodeld in Sources */ = {isa = PBXBuildFile; fileRef = 8A50E52A207AE44700E9A1B5 /* My_Quiz.xcdatamodeld */; };
		8A50E52E207AE44800E9A1B5 /* Assets.xcassets in Resources */ = {isa = PBXBuildFile; fileRef = 8A50E52D207AE44800E9A1B5 /* Assets.xcassets */; };
		8A50E531207AE44800E9A1B5 /* LaunchScreen.storyboard in Resources */ = {isa = PBXBuildFile; fileRef = 8A50E52F207AE44800E9A1B5 /* LaunchScreen.storyboard */; };
		8A50E53C207AE44800E9A1B5 /* My_QuizTests.swift in Sources */ = {isa = PBXBuildFile; fileRef = 8A50E53B207AE44800E9A1B5 /* My_QuizTests.swift */; };
		8A50E547207AE44800E9A1B5 /* My_QuizUITests.swift in Sources */ = {isa = PBXBuildFile; fileRef = 8A50E546207AE44800E9A1B5 /* My_QuizUITests.swift */; };
/* End PBXBuildFile section */

/* Begin PBXContainerItemProxy section */
		8A50E538207AE44800E9A1B5 /* PBXContainerItemProxy */ = {
			isa = PBXContainerItemProxy;
			containerPortal = 8A50E518207AE44700E9A1B5 /* Project object */;
			proxyType = 1;
			remoteGlobalIDString = 8A50E51F207AE44700E9A1B5;
			remoteInfo = "My Quiz";
		};
		8A50E543207AE44800E9A1B5 /* PBXContainerItemProxy */ = {
			isa = PBXContainerItemProxy;
			containerPortal = 8A50E518207AE44700E9A1B5 /* Project object */;
			proxyType = 1;
			remoteGlobalIDString = 8A50E51F207AE44700E9A1B5;
			remoteInfo = "My Quiz";
		};
/* End PBXContainerItemProxy section */

/* Begin PBXFileReference section */
		8A50E520207AE44700E9A1B5 /* My Quiz.app */ = {isa = PBXFileReference; explicitFileType = wrapper.application; includeInIndex = 0; path = "My Quiz.app"; sourceTree = BUILT_PRODUCTS_DIR; };
		8A50E523207AE44700E9A1B5 /* AppDelegate.swift */ = {isa = PBXFileReference; lastKnownFileType = sourcecode.swift; path = AppDelegate.swift; sourceTree = "<group>"; };
		8A50E525207AE44700E9A1B5 /* ViewController.swift */ = {isa = PBXFileReference; lastKnownFileType = sourcecode.swift; path = ViewController.swift; sourceTree = "<group>"; };
		8A50E528207AE44700E9A1B5 /* Base */ = {isa = PBXFileReference; lastKnownFileType = file.storyboard; name = Base; path = Base.lproj/Main.storyboard; sourceTree = "<group>"; };
		8A50E52B207AE44700E9A1B5 /* My_Quiz.xcdatamodel */ = {isa = PBXFileReference; lastKnownFileType = wrapper.xcdatamodel; path = My_Quiz.xcdatamodel; sourceTree = "<group>"; };
		8A50E52D207AE44800E9A1B5 /* Assets.xcassets */ = {isa = PBXFileReference; lastKnownFileType = folder.assetcatalog; path = Assets.xcassets; sourceTree = "<group>"; };
		8A50E530207AE44800E9A1B5 /* Base */ = {isa = PBXFileReference; lastKnownFileType = file.storyboard; name = Base; path = Base.lproj/LaunchScreen.storyboard; sourceTree = "<group>"; };
		8A50E532207AE44800E9A1B5 /* Info.plist */ = {isa = PBXFileReference; lastKnownFileType = text.plist.xml; path = Info.plist; sourceTree = "<group>"; };
		8A50E537207AE44800E9A1B5 /* My QuizTests.xctest */ = {isa = PBXFileReference; explicitFileType = wrapper.cfbundle; includeInIndex = 0; path = "My QuizTests.xctest"; sourceTree = BUILT_PRODUCTS_DIR; };
		8A50E53B207AE44800E9A1B5 /* My_QuizTests.swift */ = {isa = PBXFileReference; lastKnownFileType = sourcecode.swift; path = My_QuizTests.swift; sourceTree = "<group>"; };
		8A50E53D207AE44800E9A1B5 /* Info.plist */ = {isa = PBXFileReference; lastKnownFileType = text.plist.xml; path = Info.plist; sourceTree = "<group>"; };
		8A50E542207AE44800E9A1B5 /* My QuizUITests.xctest */ = {isa = PBXFileReference; explicitFileType = wrapper.cfbundle; includeInIndex = 0; path = "My QuizUITests.xctest"; sourceTree = BUILT_PRODUCTS_DIR; };
		8A50E546207AE44800E9A1B5 /* My_QuizUITests.swift */ = {isa = PBXFileReference; lastKnownFileType = sourcecode.swift; path = My_QuizUITests.swift; sourceTree = "<group>"; };
		8A50E548207AE44800E9A1B5 /* Info.plist */ = {isa = PBXFileReference; lastKnownFileType = text.plist.xml; path = Info.plist; sourceTree = "<group>"; };
/* End PBXFileReference section */

/* Begin PBXFrameworksBuildPhase section */
		8A50E51D207AE44700E9A1B5 /* Frameworks */ = {
			isa = PBXFrameworksBuildPhase;
			buildActionMask = 2147483647;
			files = (
			);
			runOnlyForDeploymentPostprocessing = 0;
		};
		8A50E534207AE44800E9A1B5 /* Frameworks */ = {
			isa = PBXFrameworksBuildPhase;
			buildActionMask = 2147483647;
			files = (
			);
			runOnlyForDeploymentPostprocessing = 0;
		};
		8A50E53F207AE44800E9A1B5 /* Frameworks */ = {
			isa = PBXFrameworksBuildPhase;
			buildActionMask = 2147483647;
			files = (
			);
			runOnlyForDeploymentPostprocessing = 0;
		};
/* End PBXFrameworksBuildPhase section */

/* Begin PBXGroup section */
		8A50E517207AE44700E9A1B5 = {
			isa = PBXGroup;
			children = (
				8A50E522207AE44700E9A1B5 /* My Quiz */,
				8A50E53A207AE44800E9A1B5 /* My QuizTests */,
				8A50E545207AE44800E9A1B5 /* My QuizUITests */,
				8A50E521207AE44700E9A1B5 /* Products */,
			);
			sourceTree = "<group>";
		};
		8A50E521207AE44700E9A1B5 /* Products */ = {
			isa = PBXGroup;
			children = (
				8A50E520207AE44700E9A1B5 /* My Quiz.app */,
				8A50E537207AE44800E9A1B5 /* My QuizTests.xctest */,
				8A50E542207AE44800E9A1B5 /* My QuizUITests.xctest */,
			);
			name = Products;
			sourceTree = "<group>";
		};
		8A50E522207AE44700E9A1B5 /* My Quiz */ = {
			isa = PBXGroup;
			children = (
				8A50E523207AE44700E9A1B5 /* AppDelegate.swift */,
				8A50E525207AE44700E9A1B5 /* ViewController.swift */,
				8A50E527207AE44700E9A1B5 /* Main.storyboard */,
				8A50E52D207AE44800E9A1B5 /* Assets.xcassets */,
				8A50E52F207AE44800E9A1B5 /* LaunchScreen.storyboard */,
				8A50E532207AE44800E9A1B5 /* Info.plist */,
				8A50E52A207AE44700E9A1B5 /* My_Quiz.xcdatamodeld */,
			);
			path = "My Quiz";
			sourceTree = "<group>";
		};
		8A50E53A207AE44800E9A1B5 /* My QuizTests */ = {
			isa = PBXGroup;
			children = (
				8A50E53B207AE44800E9A1B5 /* My_QuizTests.swift */,
				8A50E53D207AE44800E9A1B5 /* Info.plist */,
			);
			path = "My QuizTests";
			sourceTree = "<group>";
		};
		8A50E545207AE44800E9A1B5 /* My QuizUITests */ = {
			isa = PBXGroup;
			children = (
				8A50E546207AE44800E9A1B5 /* My_QuizUITests.swift */,
				8A50E548207AE44800E9A1B5 /* Info.plist */,
			);
			path = "My QuizUITests";
			sourceTree = "<group>";
		};
/* End PBXGroup section */

/* Begin PBXNativeTarget section */
		8A50E51F207AE44700E9A1B5 /* My Quiz */ = {
			isa = PBXNativeTarget;
			buildConfigurationList = 8A50E54B207AE44800E9A1B5 /* Build configuration list for PBXNativeTarget "My Quiz" */;
			buildPhases = (
				8A50E51C207AE44700E9A1B5 /* Sources */,
				8A50E51D207AE44700E9A1B5 /* Frameworks */,
				8A50E51E207AE44700E9A1B5 /* Resources */,
			);
			buildRules = (
			);
			dependencies = (
			);
			name = "My Quiz";
			productName = "My Quiz";
			productReference = 8A50E520207AE44700E9A1B5 /* My Quiz.app */;
			productType = "com.apple.product-type.application";
		};
		8A50E536207AE44800E9A1B5 /* My QuizTests */ = {
			isa = PBXNativeTarget;
			buildConfigurationList = 8A50E54E207AE44800E9A1B5 /* Build configuration list for PBXNativeTarget "My QuizTests" */;
			buildPhases = (
				8A50E533207AE44800E9A1B5 /* Sources */,
				8A50E534207AE44800E9A1B5 /* Frameworks */,
				8A50E535207AE44800E9A1B5 /* Resources */,
			);
			buildRules = (
			);
			dependencies = (
				8A50E539207AE44800E9A1B5 /* PBXTargetDependency */,
			);
			name = "My QuizTests";
			productName = "My QuizTests";
			productReference = 8A50E537207AE44800E9A1B5 /* My QuizTests.xctest */;
			productType = "com.apple.product-type.bundle.unit-test";
		};
		8A50E541207AE44800E9A1B5 /* My QuizUITests */ = {
			isa = PBXNativeTarget;
			buildConfigurationList = 8A50E551207AE44800E9A1B5 /* Build configuration list for PBXNativeTarget "My QuizUITests" */;
			buildPhases = (
				8A50E53E207AE44800E9A1B5 /* Sources */,
				8A50E53F207AE44800E9A1B5 /* Frameworks */,
				8A50E540207AE44800E9A1B5 /* Resources */,
			);
			buildRules = (
			);
			dependencies = (
				8A50E544207AE44800E9A1B5 /* PBXTargetDependency */,
			);
			name = "My QuizUITests";
			productName = "My QuizUITests";
			productReference = 8A50E542207AE44800E9A1B5 /* My QuizUITests.xctest */;
			productType = "com.apple.product-type.bundle.ui-testing";
		};
/* End PBXNativeTarget section */

/* Begin PBXProject section */
		8A50E518207AE44700E9A1B5 /* Project object */ = {
			isa = PBXProject;
			attributes = {
				LastSwiftUpdateCheck = 0930;
				LastUpgradeCheck = 0930;
				ORGANIZATIONNAME = "Novus Mobile";
				TargetAttributes = {
					8A50E51F207AE44700E9A1B5 = {
						CreatedOnToolsVersion = 9.3;
					};
					8A50E536207AE44800E9A1B5 = {
						CreatedOnToolsVersion = 9.3;
						TestTargetID = 8A50E51F207AE44700E9A1B5;
					};
					8A50E541207AE44800E9A1B5 = {
						CreatedOnToolsVersion = 9.3;
						TestTargetID = 8A50E51F207AE44700E9A1B5;
					};
				};
			};
			buildConfigurationList = 8A50E51B207AE44700E9A1B5 /* Build configuration list for PBXProject "My Quiz" */;
			compatibilityVersion = "Xcode 9.3";
			developmentRegion = en;
			hasScannedForEncodings = 0;
			knownRegions = (
				en,
				Base,
			);
			mainGroup = 8A50E517207AE44700E9A1B5;
			productRefGroup = 8A50E521207AE44700E9A1B5 /* Products */;
			projectDirPath = "";
			projectRoot = "";
			targets = (
				8A50E51F207AE44700E9A1B5 /* My Quiz */,
				8A50E536207AE44800E9A1B5 /* My QuizTests */,
				8A50E541207AE44800E9A1B5 /* My QuizUITests */,
			);
		};
/* End PBXProject section */

/* Begin PBXResourcesBuildPhase section */
		8A50E51E207AE44700E9A1B5 /* Resources */ = {
			isa = PBXResourcesBuildPhase;
			buildActionMask = 2147483647;
			files = (
				8A50E531207AE44800E9A1B5 /* LaunchScreen.storyboard in Resources */,
				8A50E52E207AE44800E9A1B5 /* Assets.xcassets in Resources */,
				8A50E529207AE44700E9A1B5 /* Main.storyboard in Resources */,
			);
			runOnlyForDeploymentPostprocessing = 0;
		};
		8A50E535207AE44800E9A1B5 /* Resources */ = {
			isa = PBXResourcesBuildPhase;
			buildActionMask = 2147483647;
			files = (
			);
			runOnlyForDeploymentPostprocessing = 0;
		};
		8A50E540207AE44800E9A1B5 /* Resources */ = {
			isa = PBXResourcesBuildPhase;
			buildActionMask = 2147483647;
			files = (
			);
			runOnlyForDeploymentPostprocessing = 0;
		};
/* End PBXResourcesBuildPhase section */

/* Begin PBXSourcesBuildPhase section */
		8A50E51C207AE44700E9A1B5 /* Sources */ = {
			isa = PBXSourcesBuildPhase;
			buildActionMask = 2147483647;
			files = (
				8A50E526207AE44700E9A1B5 /* ViewController.swift in Sources */,
				8A50E52C207AE44700E9A1B5 /* My_Quiz.xcdatamodeld in Sources */,
				8A50E524207AE44700E9A1B5 /* AppDelegate.swift in Sources */,
			);
			runOnlyForDeploymentPostprocessing = 0;
		};
		8A50E533207AE44800E9A1B5 /* Sources */ = {
			isa = PBXSourcesBuildPhase;
			buildActionMask = 2147483647;
			files = (
				8A50E53C207AE44800E9A1B5 /* My_QuizTests.swift in Sources */,
			);
			runOnlyForDeploymentPostprocessing = 0;
		};
		8A50E53E207AE44800E9A1B5 /* Sources */ = {
			isa = PBXSourcesBuildPhase;
			buildActionMask = 2147483647;
			files = (
				8A50E547207AE44800E9A1B5 /* My_QuizUITests.swift in Sources */,
			);
			runOnlyForDeploymentPostprocessing = 0;
		};
/* End PBXSourcesBuildPhase section */

/* Begin PBXTargetDependency section */
		8A50E539207AE44800E9A1B5 /* PBXTargetDependency */ = {
			isa = PBXTargetDependency;
			target = 8A50E51F207AE44700E9A1B5 /* My Quiz */;
			targetProxy = 8A50E538207AE44800E9A1B5 /* PBXContainerItemProxy */;
		};
		8A50E544207AE44800E9A1B5 /* PBXTargetDependency */ = {
			isa = PBXTargetDependency;
			target = 8A50E51F207AE44700E9A1B5 /* My Quiz */;
			targetProxy = 8A50E543207AE44800E9A1B5 /* PBXContainerItemProxy */;
		};
/* End PBXTargetDependency section */

/* Begin PBXVariantGroup section */
		8A50E527207AE44700E9A1B5 /* Main.storyboard */ = {
			isa = PBXVariantGroup;
			children = (
				8A50E528207AE44700E9A1B5 /* Base */,
			);
			name = Main.storyboard;
			sourceTree = "<group>";
		};
		8A50E52F207AE44800E9A1B5 /* LaunchScreen.storyboard */ = {
			isa = PBXVariantGroup;
			children = (
				8A50E530207AE44800E9A1B5 /* Base */,
			);
			name = LaunchScreen.storyboard;
			sourceTree = "<group>";
		};
/* End PBXVariantGroup section */

/* Begin XCBuildConfiguration section */
		8A50E549207AE44800E9A1B5 /* Debug */ = {
			isa = XCBuildConfiguration;
			buildSettings = {
				ALWAYS_SEARCH_USER_PATHS = NO;
				CLANG_ANALYZER_NONNULL = YES;
				CLANG_ANALYZER_NUMBER_OBJECT_CONVERSION = YES_AGGRESSIVE;
				CLANG_CXX_LANGUAGE_STANDARD = "gnu++14";
				CLANG_CXX_LIBRARY = "libc++";
				CLANG_ENABLE_MODULES = YES;
				CLANG_ENABLE_OBJC_ARC = YES;
				CLANG_ENABLE_OBJC_WEAK = YES;
				CLANG_WARN_BLOCK_CAPTURE_AUTORELEASING = YES;
				CLANG_WARN_BOOL_CONVERSION = YES;
				CLANG_WARN_COMMA = YES;
				CLANG_WARN_CONSTANT_CONVERSION = YES;
				CLANG_WARN_DEPRECATED_OBJC_IMPLEMENTATIONS = YES;
				CLANG_WARN_DIRECT_OBJC_ISA_USAGE = YES_ERROR;
				CLANG_WARN_DOCUMENTATION_COMMENTS = YES;
				CLANG_WARN_EMPTY_BODY = YES;
				CLANG_WARN_ENUM_CONVERSION = YES;
				CLANG_WARN_INFINITE_RECURSION = YES;
				CLANG_WARN_INT_CONVERSION = YES;
				CLANG_WARN_NON_LITERAL_NULL_CONVERSION = YES;
				CLANG_WARN_OBJC_IMPLICIT_RETAIN_SELF = YES;
				CLANG_WARN_OBJC_LITERAL_CONVERSION = YES;
				CLANG_WARN_OBJC_ROOT_CLASS = YES_ERROR;
				CLANG_WARN_RANGE_LOOP_ANALYSIS = YES;
				CLANG_WARN_STRICT_PROTOTYPES = YES;
				CLANG_WARN_SUSPICIOUS_MOVE = YES;
				CLANG_WARN_UNGUARDED_AVAILABILITY = YES_AGGRESSIVE;
				CLANG_WARN_UNREACHABLE_CODE = YES;
				CLANG_WARN__DUPLICATE_METHOD_MATCH = YES;
				CODE_SIGN_IDENTITY = "iPhone Developer";
				COPY_PHASE_STRIP = NO;
				DEBUG_INFORMATION_FORMAT = dwarf;
				ENABLE_STRICT_OBJC_MSGSEND = YES;
				ENABLE_TESTABILITY = YES;
				GCC_C_LANGUAGE_STANDARD = gnu11;
				GCC_DYNAMIC_NO_PIC = NO;
				GCC_NO_COMMON_BLOCKS = YES;
				GCC_OPTIMIZATION_LEVEL = 0;
				GCC_PREPROCESSOR_DEFINITIONS = (
					"DEBUG=1",
					"$(inherited)",
				);
				GCC_WARN_64_TO_32_BIT_CONVERSION = YES;
				GCC_WARN_ABOUT_RETURN_TYPE = YES_ERROR;
				GCC_WARN_UNDECLARED_SELECTOR = YES;
				GCC_WARN_UNINITIALIZED_AUTOS = YES_AGGRESSIVE;
				GCC_WARN_UNUSED_FUNCTION = YES;
				GCC_WARN_UNUSED_VARIABLE = YES;
				IPHONEOS_DEPLOYMENT_TARGET = 11.3;
				MTL_ENABLE_DEBUG_INFO = YES;
				ONLY_ACTIVE_ARCH = YES;
				SDKROOT = iphoneos;
				SWIFT_ACTIVE_COMPILATION_CONDITIONS = DEBUG;
				SWIFT_OPTIMIZATION_LEVEL = "-Onone";
			};
			name = Debug;
		};
		8A50E54A207AE44800E9A1B5 /* Release */ = {
			isa = XCBuildConfiguration;
			buildSettings = {
				ALWAYS_SEARCH_USER_PATHS = NO;
				CLANG_ANALYZER_NONNULL = YES;
				CLANG_ANALYZER_NUMBER_OBJECT_CONVERSION = YES_AGGRESSIVE;
				CLANG_CXX_LANGUAGE_STANDARD = "gnu++14";
				CLANG_CXX_LIBRARY = "libc++";
				CLANG_ENABLE_MODULES = YES;
				CLANG_ENABLE_OBJC_ARC = YES;
				CLANG_ENABLE_OBJC_WEAK = YES;
				CLANG_WARN_BLOCK_CAPTURE_AUTORELEASING = YES;
				CLANG_WARN_BOOL_CONVERSION = YES;
				CLANG_WARN_COMMA = YES;
				CLANG_WARN_CONSTANT_CONVERSION = YES;
				CLANG_WARN_DEPRECATED_OBJC_IMPLEMENTATIONS = YES;
				CLANG_WARN_DIRECT_OBJC_ISA_USAGE = YES_ERROR;
				CLANG_WARN_DOCUMENTATION_COMMENTS = YES;
				CLANG_WARN_EMPTY_BODY = YES;
				CLANG_WARN_ENUM_CONVERSION = YES;
				CLANG_WARN_INFINITE_RECURSION = YES;
				CLANG_WARN_INT_CONVERSION = YES;
				CLANG_WARN_NON_LITERAL_NULL_CONVERSION = YES;
				CLANG_WARN_OBJC_IMPLICIT_RETAIN_SELF = YES;
				CLANG_WARN_OBJC_LITERAL_CONVERSION = YES;
				CLANG_WARN_OBJC_ROOT_CLASS = YES_ERROR;
				CLANG_WARN_RANGE_LOOP_ANALYSIS = YES;
				CLANG_WARN_STRICT_PROTOTYPES = YES;
				CLANG_WARN_SUSPICIOUS_MOVE = YES;
				CLANG_WARN_UNGUARDED_AVAILABILITY = YES_AGGRESSIVE;
				CLANG_WARN_UNREACHABLE_CODE = YES;
				CLANG_WARN__DUPLICATE_METHOD_MATCH = YES;
				CODE_SIGN_IDENTITY = "iPhone Developer";
				COPY_PHASE_STRIP = NO;
				DEBUG_INFORMATION_FORMAT = "dwarf-with-dsym";
				ENABLE_NS_ASSERTIONS = NO;
				ENABLE_STRICT_OBJC_MSGSEND = YES;
				GCC_C_LANGUAGE_STANDARD = gnu11;
				GCC_NO_COMMON_BLOCKS = YES;
				GCC_WARN_64_TO_32_BIT_CONVERSION = YES;
				GCC_WARN_ABOUT_RETURN_TYPE = YES_ERROR;
				GCC_WARN_UNDECLARED_SELECTOR = YES;
				GCC_WARN_UNINITIALIZED_AUTOS = YES_AGGRESSIVE;
				GCC_WARN_UNUSED_FUNCTION = YES;
				GCC_WARN_UNUSED_VARIABLE = YES;
				IPHONEOS_DEPLOYMENT_TARGET = 11.3;
				MTL_ENABLE_DEBUG_INFO = NO;
				SDKROOT = iphoneos;
				SWIFT_COMPILATION_MODE = wholemodule;
				SWIFT_OPTIMIZATION_LEVEL = "-O";
				VALIDATE_PRODUCT = YES;
			};
			name = Release;
		};
		8A50E54C207AE44800E9A1B5 /* Debug */ = {
			isa = XCBuildConfiguration;
			buildSettings = {
				ASSETCATALOG_COMPILER_APPICON_NAME = AppIcon;
				CODE_SIGN_STYLE = Automatic;
				DEVELOPMENT_TEAM = J2EY74W5G9;
				INFOPLIST_FILE = "My Quiz/Info.plist";
				LD_RUNPATH_SEARCH_PATHS = (
					"$(inherited)",
					"@executable_path/Frameworks",
				);
				PRODUCT_BUNDLE_IDENTIFIER = "com.novusmobile.myquiz.My-Quiz";
				PRODUCT_NAME = "$(TARGET_NAME)";
				SWIFT_VERSION = 4.0;
				TARGETED_DEVICE_FAMILY = "1,2";
			};
			name = Debug;
		};
		8A50E54D207AE44800E9A1B5 /* Release */ = {
			isa = XCBuildConfiguration;
			buildSettings = {
				ASSETCATALOG_COMPILER_APPICON_NAME = AppIcon;
				CODE_SIGN_STYLE = Automatic;
				DEVELOPMENT_TEAM = J2EY74W5G9;
				INFOPLIST_FILE = "My Quiz/Info.plist";
				LD_RUNPATH_SEARCH_PATHS = (
					"$(inherited)",
					"@executable_path/Frameworks",
				);
				PRODUCT_BUNDLE_IDENTIFIER = "com.novusmobile.myquiz.My-Quiz";
				PRODUCT_NAME = "$(TARGET_NAME)";
				SWIFT_VERSION = 4.0;
				TARGETED_DEVICE_FAMILY = "1,2";
			};
			name = Release;
		};
		8A50E54F207AE44800E9A1B5 /* Debug */ = {
			isa = XCBuildConfiguration;
			buildSettings = {
				ALWAYS_EMBED_SWIFT_STANDARD_LIBRARIES = YES;
				BUNDLE_LOADER = "$(TEST_HOST)";
				CODE_SIGN_STYLE = Automatic;
				DEVELOPMENT_TEAM = J2EY74W5G9;
				INFOPLIST_FILE = "My QuizTests/Info.plist";
				LD_RUNPATH_SEARCH_PATHS = (
					"$(inherited)",
					"@executable_path/Frameworks",
					"@loader_path/Frameworks",
				);
				PRODUCT_BUNDLE_IDENTIFIER = "com.novusmobile.myquiz.My-QuizTests";
				PRODUCT_NAME = "$(TARGET_NAME)";
				SWIFT_VERSION = 4.0;
				TARGETED_DEVICE_FAMILY = "1,2";
				TEST_HOST = "$(BUILT_PRODUCTS_DIR)/My Quiz.app/My Quiz";
			};
			name = Debug;
		};
		8A50E550207AE44800E9A1B5 /* Release */ = {
			isa = XCBuildConfiguration;
			buildSettings = {
				ALWAYS_EMBED_SWIFT_STANDARD_LIBRARIES = YES;
				BUNDLE_LOADER = "$(TEST_HOST)";
				CODE_SIGN_STYLE = Automatic;
				DEVELOPMENT_TEAM = J2EY74W5G9;
				INFOPLIST_FILE = "My QuizTests/Info.plist";
				LD_RUNPATH_SEARCH_PATHS = (
					"$(inherited)",
					"@executable_path/Frameworks",
					"@loader_path/Frameworks",
				);
				PRODUCT_BUNDLE_IDENTIFIER = "com.novusmobile.myquiz.My-QuizTests";
				PRODUCT_NAME = "$(TARGET_NAME)";
				SWIFT_VERSION = 4.0;
				TARGETED_DEVICE_FAMILY = "1,2";
				TEST_HOST = "$(BUILT_PRODUCTS_DIR)/My Quiz.app/My Quiz";
			};
			name = Release;
		};
		8A50E552207AE44800E9A1B5 /* Debug */ = {
			isa = XCBuildConfiguration;
			buildSettings = {
				ALWAYS_EMBED_SWIFT_STANDARD_LIBRARIES = YES;
				CODE_SIGN_STYLE = Automatic;
				DEVELOPMENT_TEAM = J2EY74W5G9;
				INFOPLIST_FILE = "My QuizUITests/Info.plist";
				LD_RUNPATH_SEARCH_PATHS = (
					"$(inherited)",
					"@executable_path/Frameworks",
					"@loader_path/Frameworks",
				);
				PRODUCT_BUNDLE_IDENTIFIER = "com.novusmobile.myquiz.My-QuizUITests";
				PRODUCT_NAME = "$(TARGET_NAME)";
				SWIFT_VERSION = 4.0;
				TARGETED_DEVICE_FAMILY = "1,2";
				TEST_TARGET_NAME = "My Quiz";
			};
			name = Debug;
		};
		8A50E553207AE44800E9A1B5 /* Release */ = {
			isa = XCBuildConfiguration;
			buildSettings = {
				ALWAYS_EMBED_SWIFT_STANDARD_LIBRARIES = YES;
				CODE_SIGN_STYLE = Automatic;
				DEVELOPMENT_TEAM = J2EY74W5G9;
				INFOPLIST_FILE = "My QuizUITests/Info.plist";
				LD_RUNPATH_SEARCH_PATHS = (
					"$(inherited)",
					"@executable_path/Frameworks",
					"@loader_path/Frameworks",
				);
				PRODUCT_BUNDLE_IDENTIFIER = "com.novusmobile.myquiz.My-QuizUITests";
				PRODUCT_NAME = "$(TARGET_NAME)";
				SWIFT_VERSION = 4.0;
				TARGETED_DEVICE_FAMILY = "1,2";
				TEST_TARGET_NAME = "My Quiz";
			};
			name = Release;
		};
/* End XCBuildConfiguration section */

/* Begin XCConfigurationList section */
		8A50E51B207AE44700E9A1B5 /* Build configuration list for PBXProject "My Quiz" */ = {
			isa = XCConfigurationList;
			buildConfigurations = (
				8A50E549207AE44800E9A1B5 /* Debug */,
				8A50E54A207AE44800E9A1B5 /* Release */,
			);
			defaultConfigurationIsVisible = 0;
			defaultConfigurationName = Release;
		};
		8A50E54B207AE44800E9A1B5 /* Build configuration list for PBXNativeTarget "My Quiz" */ = {
			isa = XCConfigurationList;
			buildConfigurations = (
				8A50E54C207AE44800E9A1B5 /* Debug */,
				8A50E54D207AE44800E9A1B5 /* Release */,
			);
			defaultConfigurationIsVisible = 0;
			defaultConfigurationName = Release;
		};
		8A50E54E207AE44800E9A1B5 /* Build configuration list for PBXNativeTarget "My QuizTests" */ = {
			isa = XCConfigurationList;
			buildConfigurations = (
				8A50E54F207AE44800E9A1B5 /* Debug */,
				8A50E550207AE44800E9A1B5 /* Release */,
			);
			defaultConfigurationIsVisible = 0;
			defaultConfigurationName = Release;
		};
		8A50E551207AE44800E9A1B5 /* Build configuration list for PBXNativeTarget "My QuizUITests" */ = {
			isa = XCConfigurationList;
			buildConfigurations = (
				8A50E552207AE44800E9A1B5 /* Debug */,
				8A50E553207AE44800E9A1B5 /* Release */,
			);
			defaultConfigurationIsVisible = 0;
			defaultConfigurationName = Release;
		};
/* End XCConfigurationList section */

/* Begin XCVersionGroup section */
		8A50E52A207AE44700E9A1B5 /* My_Quiz.xcdatamodeld */ = {
			isa = XCVersionGroup;
			children = (
				8A50E52B207AE44700E9A1B5 /* My_Quiz.xcdatamodel */,
			);
			currentVersion = 8A50E52B207AE44700E9A1B5 /* My_Quiz.xcdatamodel */;
			path = My_Quiz.xcdatamodeld;
			sourceTree = "<group>";
			versionGroupType = wrapper.xcdatamodel;
		};
/* End XCVersionGroup section */
	};
	rootObject = 8A50E518207AE44700E9A1B5 /* Project object */;
}
